
Microsoft Visual Studio Solution File, Format Version 12.00
# Visual Studio 15
VisualStudioVersion = 15.0.27428.2027
MinimumVisualStudioVersion = 10.0.40219.1
Project("{FAE04EC0-301F-11D3-BF4B-00C04F79EFBC}") = "SampleCheckList5", "SampleCheckList5\SampleCheckList5.csproj", "{0D23E968-54C2-4625-AF0D-9C5DA26F257B}"
EndProject
Global
	GlobalSection(SolutionConfigurationPlatforms) = preSolution
		Debug|Any CPU = Debug|Any CPU
		Release|Any CPU = Release|Any CPU
	EndGlobalSection
	GlobalSection(ProjectConfigurationPlatforms) = postSolution
		{0D23E968-54C2-4625-AF0D-9C5DA26F257B}.Debug|Any CPU.ActiveCfg = Debug|Any CPU
		{0D23E968-54C2-4625-AF0D-9C5DA26F257B}.Debug|Any CPU.Build.0 = Debug|Any CPU
		{0D23E968-54C2-4625-AF0D-9C5DA26F257B}.Release|Any CPU.ActiveCfg = Release|Any CPU
		{0D23E968-54C2-4625-AF0D-9C5DA26F257B}.Release|Any CPU.Build.0 = Release|Any CPU
	EndGlobalSection
	GlobalSection(SolutionProperties) = preSolution
		HideSolutionNode = FALSE
	EndGlobalSection
	GlobalSection(ExtensibilityGlobals) = postSolution
		SolutionGuid = {E69A443D-D5DB-4740-8D80-767309E7E04E}
	EndGlobalSection
EndGlobal
